// !$*UTF8*$!
{
	archiveVersion = 1;
	classes = {
	};
	objectVersion = 46;
	objects = {

/* Begin PBXBuildFile section */
		1F277E781DB7D40800140935 /* AppDelegate.swift in Sources */ = {isa = PBXBuildFile; fileRef = 1F277E771DB7D40800140935 /* AppDelegate.swift */; };
		1F277E7D1DB7D40800140935 /* Main.storyboard in Resources */ = {isa = PBXBuildFile; fileRef = 1F277E7B1DB7D40800140935 /* Main.storyboard */; };
		1F277E7F1DB7D40800140935 /* Assets.xcassets in Resources */ = {isa = PBXBuildFile; fileRef = 1F277E7E1DB7D40800140935 /* Assets.xcassets */; };
		1F277E821DB7D40800140935 /* LaunchScreen.storyboard in Resources */ = {isa = PBXBuildFile; fileRef = 1F277E801DB7D40800140935 /* LaunchScreen.storyboard */; };
		1F277E8A1DB7D8A000140935 /* Student.swift in Sources */ = {isa = PBXBuildFile; fileRef = 1F277E891DB7D8A000140935 /* Student.swift */; };
		1F277E8C1DB7DC7400140935 /* NetworkController.swift in Sources */ = {isa = PBXBuildFile; fileRef = 1F277E8B1DB7DC7400140935 /* NetworkController.swift */; };
/* End PBXBuildFile section */

/* Begin PBXFileReference section */
		1F277E741DB7D40800140935 /* StudentPutApi.app */ = {isa = PBXFileReference; explicitFileType = wrapper.application; includeInIndex = 0; path = StudentPutApi.app; sourceTree = BUILT_PRODUCTS_DIR; };
		1F277E771DB7D40800140935 /* AppDelegate.swift */ = {isa = PBXFileReference; lastKnownFileType = sourcecode.swift; path = AppDelegate.swift; sourceTree = "<group>"; };
		1F277E7C1DB7D40800140935 /* Base */ = {isa = PBXFileReference; lastKnownFileType = file.storyboard; name = Base; path = Base.lproj/Main.storyboard; sourceTree = "<group>"; };
		1F277E7E1DB7D40800140935 /* Assets.xcassets */ = {isa = PBXFileReference; lastKnownFileType = folder.assetcatalog; path = Assets.xcassets; sourceTree = "<group>"; };
		1F277E811DB7D40800140935 /* Base */ = {isa = PBXFileReference; lastKnownFileType = file.storyboard; name = Base; path = Base.lproj/LaunchScreen.storyboard; sourceTree = "<group>"; };
		1F277E831DB7D40800140935 /* Info.plist */ = {isa = PBXFileReference; lastKnownFileType = text.plist.xml; path = Info.plist; sourceTree = "<group>"; };
		1F277E891DB7D8A000140935 /* Student.swift */ = {isa = PBXFileReference; fileEncoding = 4; lastKnownFileType = sourcecode.swift; path = Student.swift; sourceTree = "<group>"; };
		1F277E8B1DB7DC7400140935 /* NetworkController.swift */ = {isa = PBXFileReference; fileEncoding = 4; lastKnownFileType = sourcecode.swift; path = NetworkController.swift; sourceTree = "<group>"; };
/* End PBXFileReference section */

/* Begin PBXFrameworksBuildPhase section */
		1F277E711DB7D40800140935 /* Frameworks */ = {
			isa = PBXFrameworksBuildPhase;
			buildActionMask = 2147483647;
			files = (
			);
			runOnlyForDeploymentPostprocessing = 0;
		};
/* End PBXFrameworksBuildPhase section */

/* Begin PBXGroup section */
		1F277E6B1DB7D40800140935 = {
			isa = PBXGroup;
			children = (
				1F277E761DB7D40800140935 /* StudentPutApi */,
				1F277E751DB7D40800140935 /* Products */,
			);
			sourceTree = "<group>";
		};
		1F277E751DB7D40800140935 /* Products */ = {
			isa = PBXGroup;
			children = (
				1F277E741DB7D40800140935 /* StudentPutApi.app */,
			);
			name = Products;
			sourceTree = "<group>";
		};
		1F277E761DB7D40800140935 /* StudentPutApi */ = {
			isa = PBXGroup;
			children = (
				1F277E771DB7D40800140935 /* AppDelegate.swift */,
				1F277E7B1DB7D40800140935 /* Main.storyboard */,
				1F277E891DB7D8A000140935 /* Student.swift */,
				1F277E8B1DB7DC7400140935 /* NetworkController.swift */,
				1F277E7E1DB7D40800140935 /* Assets.xcassets */,
				1F277E801DB7D40800140935 /* LaunchScreen.storyboard */,
				1F277E831DB7D40800140935 /* Info.plist */,
			);
			path = StudentPutApi;
			sourceTree = "<group>";
		};
/* End PBXGroup section */

/* Begin PBXNativeTarget section */
		1F277E731DB7D40800140935 /* StudentPutApi */ = {
			isa = PBXNativeTarget;
			buildConfigurationList = 1F277E861DB7D40800140935 /* Build configuration list for PBXNativeTarget "StudentPutApi" */;
			buildPhases = (
				1F277E701DB7D40800140935 /* Sources */,
				1F277E711DB7D40800140935 /* Frameworks */,
				1F277E721DB7D40800140935 /* Resources */,
			);
			buildRules = (
			);
			dependencies = (
			);
			name = StudentPutApi;
			productName = StudentPutApi;
			productReference = 1F277E741DB7D40800140935 /* StudentPutApi.app */;
			productType = "com.apple.product-type.application";
		};
/* End PBXNativeTarget section */

/* Begin PBXProject section */
		1F277E6C1DB7D40800140935 /* Project object */ = {
			isa = PBXProject;
			attributes = {
				LastSwiftUpdateCheck = 0800;
				LastUpgradeCheck = 0800;
				ORGANIZATIONNAME = JeffCryst;
				TargetAttributes = {
					1F277E731DB7D40800140935 = {
						CreatedOnToolsVersion = 8.0;
						DevelopmentTeam = A6ASF988U5;
						ProvisioningStyle = Automatic;
					};
				};
			};
			buildConfigurationList = 1F277E6F1DB7D40800140935 /* Build configuration list for PBXProject "StudentPutApi" */;
			compatibilityVersion = "Xcode 3.2";
			developmentRegion = English;
			hasScannedForEncodings = 0;
			knownRegions = (
				en,
				Base,
			);
			mainGroup = 1F277E6B1DB7D40800140935;
			productRefGroup = 1F277E751DB7D40800140935 /* Products */;
			projectDirPath = "";
			projectRoot = "";
			targets = (
				1F277E731DB7D40800140935 /* StudentPutApi */,
			);
		};
/* End PBXProject section */

/* Begin PBXResourcesBuildPhase section */
		1F277E721DB7D40800140935 /* Resources */ = {
			isa = PBXResourcesBuildPhase;
			buildActionMask = 2147483647;
			files = (
				1F277E821DB7D40800140935 /* LaunchScreen.storyboard in Resources */,
				1F277E7F1DB7D40800140935 /* Assets.xcassets in Resources */,
				1F277E7D1DB7D40800140935 /* Main.storyboard in Resources */,
			);
			runOnlyForDeploymentPostprocessing = 0;
		};
/* End PBXResourcesBuildPhase section */

/* Begin PBXSourcesBuildPhase section */
		1F277E701DB7D40800140935 /* Sources */ = {
			isa = PBXSourcesBuildPhase;
			buildActionMask = 2147483647;
			files = (
				1F277E781DB7D40800140935 /* AppDelegate.swift in Sources */,
				1F277E8A1DB7D8A000140935 /* Student.swift in Sources */,
				1F277E8C1DB7DC7400140935 /* NetworkController.swift in Sources */,
			);
			runOnlyForDeploymentPostprocessing = 0;
		};
/* End PBXSourcesBuildPhase section */

/* Begin PBXVariantGroup section */
		1F277E7B1DB7D40800140935 /* Main.storyboard */ = {
			isa = PBXVariantGroup;
			children = (
				1F277E7C1DB7D40800140935 /* Base */,
			);
			name = Main.storyboard;
			sourceTree = "<group>";
		};
		1F277E801DB7D40800140935 /* LaunchScreen.storyboard */ = {
			isa = PBXVariantGroup;
			children = (
				1F277E811DB7D40800140935 /* Base */,
			);
			name = LaunchScreen.storyboard;
			sourceTree = "<group>";
		};
/* End PBXVariantGroup section */

/* Begin XCBuildConfiguration section */
		1F277E841DB7D40800140935 /* Debug */ = {
			isa = XCBuildConfiguration;
			buildSettings = {
				ALWAYS_SEARCH_USER_PATHS = NO;
				CLANG_ANALYZER_NONNULL = YES;
				CLANG_CXX_LANGUAGE_STANDARD = "gnu++0x";
				CLANG_CXX_LIBRARY = "libc++";
				CLANG_ENABLE_MODULES = YES;
				CLANG_ENABLE_OBJC_ARC = YES;
				CLANG_WARN_BOOL_CONVERSION = YES;
				CLANG_WARN_CONSTANT_CONVERSION = YES;
				CLANG_WARN_DIRECT_OBJC_ISA_USAGE = YES_ERROR;
				CLANG_WARN_DOCUMENTATION_COMMENTS = YES;
				CLANG_WARN_EMPTY_BODY = YES;
				CLANG_WARN_ENUM_CONVERSION = YES;
				CLANG_WARN_INFINITE_RECURSION = YES;
				CLANG_WARN_INT_CONVERSION = YES;
				CLANG_WARN_OBJC_ROOT_CLASS = YES_ERROR;
				CLANG_WARN_SUSPICIOUS_MOVES = YES;
				CLANG_WARN_UNREACHABLE_CODE = YES;
				CLANG_WARN__DUPLICATE_METHOD_MATCH = YES;
				"CODE_SIGN_IDENTITY[sdk=iphoneos*]" = "iPhone Developer";
				COPY_PHASE_STRIP = NO;
				DEBUG_INFORMATION_FORMAT = dwarf;
				ENABLE_STRICT_OBJC_MSGSEND = YES;
				ENABLE_TESTABILITY = YES;
				GCC_C_LANGUAGE_STANDARD = gnu99;
				GCC_DYNAMIC_NO_PIC = NO;
				GCC_NO_COMMON_BLOCKS = YES;
				GCC_OPTIMIZATION_LEVEL = 0;
				GCC_PREPROCESSOR_DEFINITIONS = (
					"DEBUG=1",
					"$(inherited)",
				);
				GCC_WARN_64_TO_32_BIT_CONVERSION = YES;
				GCC_WARN_ABOUT_RETURN_TYPE = YES_ERROR;
				GCC_WARN_UNDECLARED_SELECTOR = YES;
				GCC_WARN_UNINITIALIZED_AUTOS = YES_AGGRESSIVE;
				GCC_WARN_UNUSED_FUNCTION = YES;
				GCC_WARN_UNUSED_VARIABLE = YES;
				IPHONEOS_DEPLOYMENT_TARGET = 10.0;
				MTL_ENABLE_DEBUG_INFO = YES;
				ONLY_ACTIVE_ARCH = YES;
				SDKROOT = iphoneos;
				SWIFT_ACTIVE_COMPILATION_CONDITIONS = DEBUG;
				SWIFT_OPTIMIZATION_LEVEL = "-Onone";
				TARGETED_DEVICE_FAMILY = "1,2";
			};
			name = Debug;
		};
		1F277E851DB7D40800140935 /* Release */ = {
			isa = XCBuildConfiguration;
			buildSettings = {
				ALWAYS_SEARCH_USER_PATHS = NO;
				CLANG_ANALYZER_NONNULL = YES;
				CLANG_CXX_LANGUAGE_STANDARD = "gnu++0x";
				CLANG_CXX_LIBRARY = "libc++";
				CLANG_ENABLE_MODULES = YES;
				CLANG_ENABLE_OBJC_ARC = YES;
				CLANG_WARN_BOOL_CONVERSION = YES;
				CLANG_WARN_CONSTANT_CONVERSION = YES;
				CLANG_WARN_DIRECT_OBJC_ISA_USAGE = YES_ERROR;
				CLANG_WARN_DOCUMENTATION_COMMENTS = YES;
				CLANG_WARN_EMPTY_BODY = YES;
				CLANG_WARN_ENUM_CONVERSION = YES;
				CLANG_WARN_INFINITE_RECURSION = YES;
				CLANG_WARN_INT_CONVERSION = YES;
				CLANG_WARN_OBJC_ROOT_CLASS = YES_ERROR;
				CLANG_WARN_SUSPICIOUS_MOVES = YES;
				CLANG_WARN_UNREACHABLE_CODE = YES;
				CLANG_WARN__DUPLICATE_METHOD_MATCH = YES;
				"CODE_SIGN_IDENTITY[sdk=iphoneos*]" = "iPhone Developer";
				COPY_PHASE_STRIP = NO;
				DEBUG_INFORMATION_FORMAT = "dwarf-with-dsym";
				ENABLE_NS_ASSERTIONS = NO;
				ENABLE_STRICT_OBJC_MSGSEND = YES;
				GCC_C_LANGUAGE_STANDARD = gnu99;
				GCC_NO_COMMON_BLOCKS = YES;
				GCC_WARN_64_TO_32_BIT_CONVERSION = YES;
				GCC_WARN_ABOUT_RETURN_TYPE = YES_ERROR;
				GCC_WARN_UNDECLARED_SELECTOR = YES;
				GCC_WARN_UNINITIALIZED_AUTOS = YES_AGGRESSIVE;
				GCC_WARN_UNUSED_FUNCTION = YES;
				GCC_WARN_UNUSED_VARIABLE = YES;
				IPHONEOS_DEPLOYMENT_TARGET = 10.0;
				MTL_ENABLE_DEBUG_INFO = NO;
				SDKROOT = iphoneos;
				SWIFT_OPTIMIZATION_LEVEL = "-Owholemodule";
				TARGETED_DEVICE_FAMILY = "1,2";
				VALIDATE_PRODUCT = YES;
			};
			name = Release;
		};
		1F277E871DB7D40800140935 /* Debug */ = {
			isa = XCBuildConfiguration;
			buildSettings = {
				ASSETCATALOG_COMPILER_APPICON_NAME = AppIcon;
				DEVELOPMENT_TEAM = A6ASF988U5;
				INFOPLIST_FILE = StudentPutApi/Info.plist;
				LD_RUNPATH_SEARCH_PATHS = "$(inherited) @executable_path/Frameworks";
				PRODUCT_BUNDLE_IDENTIFIER = com.jeffcryst.StudentPutApi;
				PRODUCT_NAME = "$(TARGET_NAME)";
				SWIFT_VERSION = 3.0;
			};
			name = Debug;
		};
		1F277E881DB7D40800140935 /* Release */ = {
			isa = XCBuildConfiguration;
			buildSettings = {
				ASSETCATALOG_COMPILER_APPICON_NAME = AppIcon;
				DEVELOPMENT_TEAM = A6ASF988U5;
				INFOPLIST_FILE = StudentPutApi/Info.plist;
				LD_RUNPATH_SEARCH_PATHS = "$(inherited) @executable_path/Frameworks";
				PRODUCT_BUNDLE_IDENTIFIER = com.jeffcryst.StudentPutApi;
				PRODUCT_NAME = "$(TARGET_NAME)";
				SWIFT_VERSION = 3.0;
			};
			name = Release;
		};
/* End XCBuildConfiguration section */

/* Begin XCConfigurationList section */
		1F277E6F1DB7D40800140935 /* Build configuration list for PBXProject "StudentPutApi" */ = {
			isa = XCConfigurationList;
			buildConfigurations = (
				1F277E841DB7D40800140935 /* Debug */,
				1F277E851DB7D40800140935 /* Release */,
			);
			defaultConfigurationIsVisible = 0;
			defaultConfigurationName = Release;
		};
		1F277E861DB7D40800140935 /* Build configuration list for PBXNativeTarget "StudentPutApi" */ = {
			isa = XCConfigurationList;
			buildConfigurations = (
				1F277E871DB7D40800140935 /* Debug */,
				1F277E881DB7D40800140935 /* Release */,
			);
			defaultConfigurationIsVisible = 0;
		};
/* End XCConfigurationList section */
	};
	rootObject = 1F277E6C1DB7D40800140935 /* Project object */;
}
